
Microsoft Visual Studio Solution File, Format Version 12.00
# Visual Studio Version 17
VisualStudioVersion = 17.3.32901.215
MinimumVisualStudioVersion = 10.0.40219.1
Project("{FAE04EC0-301F-11D3-BF4B-00C04F79EFBC}") = "RevitParametersAddin", "RevitParametersAddin.csproj", "{90B00EC6-18CB-4E83-A915-A326A29C3A69}"
EndProject
Global
	GlobalSection(SolutionConfigurationPlatforms) = preSolution
		Debug|Any CPU = Debug|Any CPU
		Release|Any CPU = Release|Any CPU
	EndGlobalSection
	GlobalSection(ProjectConfigurationPlatforms) = postSolution
		{90B00EC6-18CB-4E83-A915-A326A29C3A69}.Debug|Any CPU.ActiveCfg = Debug|Any CPU
		{90B00EC6-18CB-4E83-A915-A326A29C3A69}.Debug|Any CPU.Build.0 = Debug|Any CPU
		{90B00EC6-18CB-4E83-A915-A326A29C3A69}.Release|Any CPU.ActiveCfg = Release|Any CPU
		{90B00EC6-18CB-4E83-A915-A326A29C3A69}.Release|Any CPU.Build.0 = Release|Any CPU
	EndGlobalSection
	GlobalSection(SolutionProperties) = preSolution
		HideSolutionNode = FALSE
	EndGlobalSection
	GlobalSection(ExtensibilityGlobals) = postSolution
		SolutionGuid = {2EB3536E-294D-494E-8598-8FE25E99BC4E}
	EndGlobalSection
EndGlobal
